# THIS IS AN AUTOGENERATED FILE. DO NOT EDIT THIS FILE DIRECTLY.
# yarn lockfile v1


"@biomejs/biome@2.1.1":
  version "2.1.1"
  resolved "https://registry.yarnpkg.com/@biomejs/biome/-/biome-2.1.1.tgz#53b9317d356aef01a610b46ca4574a9bb4ca0094"
  optionalDependencies:
    "@biomejs/cli-darwin-arm64" "2.1.1"
    "@biomejs/cli-darwin-x64" "2.1.1"
    "@biomejs/cli-linux-arm64" "2.1.1"
    "@biomejs/cli-linux-arm64-musl" "2.1.1"
    "@biomejs/cli-linux-x64" "2.1.1"
    "@biomejs/cli-linux-x64-musl" "2.1.1"
    "@biomejs/cli-win32-arm64" "2.1.1"
    "@biomejs/cli-win32-x64" "2.1.1"

"@biomejs/cli-darwin-arm64@2.1.1":
  version "2.1.1"
  resolved "https://registry.npmjs.org/@biomejs/cli-darwin-arm64/-/cli-darwin-arm64-2.1.1.tgz"

"@biomejs/cli-darwin-x64@2.1.1":
  version "2.1.1"
  resolved "https://registry.npmjs.org/@biomejs/cli-darwin-x64/-/cli-darwin-x64-2.1.1.tgz"

"@biomejs/cli-linux-arm64-musl@2.1.1":
  version "2.1.1"
  resolved "https://registry.npmjs.org/@biomejs/cli-linux-arm64-musl/-/cli-linux-arm64-musl-2.1.1.tgz"

"@biomejs/cli-linux-arm64@2.1.1":
  version "2.1.1"
  resolved "https://registry.npmjs.org/@biomejs/cli-linux-arm64/-/cli-linux-arm64-2.1.1.tgz"

"@biomejs/cli-linux-x64-musl@2.1.1":
  version "2.1.1"
  resolved "https://registry.npmjs.org/@biomejs/cli-linux-x64-musl/-/cli-linux-x64-musl-2.1.1.tgz"

"@biomejs/cli-linux-x64@2.1.1":
  version "2.1.1"
  resolved "https://registry.npmjs.org/@biomejs/cli-linux-x64/-/cli-linux-x64-2.1.1.tgz"

"@biomejs/cli-win32-arm64@2.1.1":
  version "2.1.1"
  resolved "https://registry.npmjs.org/@biomejs/cli-win32-arm64/-/cli-win32-arm64-2.1.1.tgz"

"@biomejs/cli-win32-x64@2.1.1":
  version "2.1.1"
  resolved "https://registry.npmjs.org/@biomejs/cli-win32-x64/-/cli-win32-x64-2.1.1.tgz"

"@esbuild/aix-ppc64@0.25.6":
  version "0.25.6"
  resolved "https://registry.yarnpkg.com/@esbuild/aix-ppc64/-/aix-ppc64-0.25.6.tgz#164b19122e2ed54f85469df9dea98ddb01d5e79e"

"@esbuild/android-arm64@0.25.6":
  version "0.25.6"
  resolved "https://registry.yarnpkg.com/@esbuild/android-arm64/-/android-arm64-0.25.6.tgz#8f539e7def848f764f6432598e51cc3820fde3a5"

"@esbuild/android-arm@0.25.6":
  version "0.25.6"
  resolved "https://registry.yarnpkg.com/@esbuild/android-arm/-/android-arm-0.25.6.tgz#4ceb0f40113e9861169be83e2a670c260dd234ff"

"@esbuild/android-x64@0.25.6":
  version "0.25.6"
  resolved "https://registry.yarnpkg.com/@esbuild/android-x64/-/android-x64-0.25.6.tgz#ad4f280057622c25fe985c08999443a195dc63a8"

"@esbuild/darwin-arm64@0.25.6":
  version "0.25.6"
  resolved "https://registry.yarnpkg.com/@esbuild/darwin-arm64/-/darwin-arm64-0.25.6.tgz#d1f04027396b3d6afc96bacd0d13167dfd9f01f7"

"@esbuild/darwin-x64@0.25.6":
  version "0.25.6"
  resolved "https://registry.yarnpkg.com/@esbuild/darwin-x64/-/darwin-x64-0.25.6.tgz#2b4a6cedb799f635758d7832d75b23772c8ef68f"

"@esbuild/freebsd-arm64@0.25.6":
  version "0.25.6"
  resolved "https://registry.yarnpkg.com/@esbuild/freebsd-arm64/-/freebsd-arm64-0.25.6.tgz#a26266cc97dd78dc3c3f3d6788b1b83697b1055d"

"@esbuild/freebsd-x64@0.25.6":
  version "0.25.6"
  resolved "https://registry.yarnpkg.com/@esbuild/freebsd-x64/-/freebsd-x64-0.25.6.tgz#9feb8e826735c568ebfd94859b22a3fbb6a9bdd2"

"@esbuild/linux-arm64@0.25.6":
  version "0.25.6"
  resolved "https://registry.yarnpkg.com/@esbuild/linux-arm64/-/linux-arm64-0.25.6.tgz#c07cbed8e249f4c28e7f32781d36fc4695293d28"

"@esbuild/linux-arm@0.25.6":
  version "0.25.6"
  resolved "https://registry.yarnpkg.com/@esbuild/linux-arm/-/linux-arm-0.25.6.tgz#d6e2cd8ef3196468065d41f13fa2a61aaa72644a"

"@esbuild/linux-ia32@0.25.6":
  version "0.25.6"
  resolved "https://registry.yarnpkg.com/@esbuild/linux-ia32/-/linux-ia32-0.25.6.tgz#3e682bd47c4eddcc4b8f1393dfc8222482f17997"

"@esbuild/linux-loong64@0.25.6":
  version "0.25.6"
  resolved "https://registry.yarnpkg.com/@esbuild/linux-loong64/-/linux-loong64-0.25.6.tgz#473f5ea2e52399c08ad4cd6b12e6dbcddd630f05"

"@esbuild/linux-mips64el@0.25.6":
  version "0.25.6"
  resolved "https://registry.yarnpkg.com/@esbuild/linux-mips64el/-/linux-mips64el-0.25.6.tgz#9960631c9fd61605b0939c19043acf4ef2b51718"

"@esbuild/linux-ppc64@0.25.6":
  version "0.25.6"
  resolved "https://registry.yarnpkg.com/@esbuild/linux-ppc64/-/linux-ppc64-0.25.6.tgz#477cbf8bb04aa034b94f362c32c86b5c31db8d3e"

"@esbuild/linux-riscv64@0.25.6":
  version "0.25.6"
  resolved "https://registry.yarnpkg.com/@esbuild/linux-riscv64/-/linux-riscv64-0.25.6.tgz#bcdb46c8fb8e93aa779e9a0a62cd4ac00dcac626"

"@esbuild/linux-s390x@0.25.6":
  version "0.25.6"
  resolved "https://registry.yarnpkg.com/@esbuild/linux-s390x/-/linux-s390x-0.25.6.tgz#f412cf5fdf0aea849ff51c73fd817c6c0234d46d"

"@esbuild/linux-x64@0.25.6":
  version "0.25.6"
  resolved "https://registry.yarnpkg.com/@esbuild/linux-x64/-/linux-x64-0.25.6.tgz#d8233c09b5ebc0c855712dc5eeb835a3a3341108"

"@esbuild/netbsd-arm64@0.25.6":
  version "0.25.6"
  resolved "https://registry.yarnpkg.com/@esbuild/netbsd-arm64/-/netbsd-arm64-0.25.6.tgz#f51ae8dd1474172e73cf9cbaf8a38d1c72dd8f1a"

"@esbuild/netbsd-x64@0.25.6":
  version "0.25.6"
  resolved "https://registry.yarnpkg.com/@esbuild/netbsd-x64/-/netbsd-x64-0.25.6.tgz#a267538602c0e50a858cf41dcfe5d8036f8da8e7"

"@esbuild/openbsd-arm64@0.25.6":
  version "0.25.6"
  resolved "https://registry.yarnpkg.com/@esbuild/openbsd-arm64/-/openbsd-arm64-0.25.6.tgz#a51be60c425b85c216479b8c344ad0511635f2d2"

"@esbuild/openbsd-x64@0.25.6":
  version "0.25.6"
  resolved "https://registry.yarnpkg.com/@esbuild/openbsd-x64/-/openbsd-x64-0.25.6.tgz#7e4a743c73f75562e29223ba69d0be6c9c9008da"

"@esbuild/openharmony-arm64@0.25.6":
  version "0.25.6"
  resolved "https://registry.yarnpkg.com/@esbuild/openharmony-arm64/-/openharmony-arm64-0.25.6.tgz#2087a5028f387879154ebf44bdedfafa17682e5b"

"@esbuild/sunos-x64@0.25.6":
  version "0.25.6"
  resolved "https://registry.yarnpkg.com/@esbuild/sunos-x64/-/sunos-x64-0.25.6.tgz#56531f861723ea0dc6283a2bb8837304223cb736"

"@esbuild/win32-arm64@0.25.6":
  version "0.25.6"
  resolved "https://registry.yarnpkg.com/@esbuild/win32-arm64/-/win32-arm64-0.25.6.tgz#f4989f033deac6fae323acff58764fa8bc01436e"

"@esbuild/win32-ia32@0.25.6":
  version "0.25.6"
  resolved "https://registry.yarnpkg.com/@esbuild/win32-ia32/-/win32-ia32-0.25.6.tgz#b260e9df71e3939eb33925076d39f63cec7d1525"

"@esbuild/win32-x64@0.25.6":
  version "0.25.6"
  resolved "https://registry.npmjs.org/@esbuild/win32-x64/-/win32-x64-0.25.6.tgz"

"@fastify/ajv-compiler@^4.0.0":
  version "4.0.2"
  resolved "https://registry.npmjs.org/@fastify/ajv-compiler/-/ajv-compiler-4.0.2.tgz"
  dependencies:
    ajv "^8.12.0"
    ajv-formats "^3.0.1"
    fast-uri "^3.0.0"

"@fastify/error@^4.0.0":
  version "4.2.0"
  resolved "https://registry.npmjs.org/@fastify/error/-/error-4.2.0.tgz"

"@fastify/fast-json-stringify-compiler@^5.0.0":
  version "5.0.3"
  resolved "https://registry.npmjs.org/@fastify/fast-json-stringify-compiler/-/fast-json-stringify-compiler-5.0.3.tgz"
  dependencies:
    fast-json-stringify "^6.0.0"

"@fastify/forwarded@^3.0.0":
  version "3.0.0"
  resolved "https://registry.npmjs.org/@fastify/forwarded/-/forwarded-3.0.0.tgz"

"@fastify/merge-json-schemas@^0.2.0":
  version "0.2.1"
  resolved "https://registry.npmjs.org/@fastify/merge-json-schemas/-/merge-json-schemas-0.2.1.tgz"
  dependencies:
    dequal "^2.0.3"

"@fastify/proxy-addr@^5.0.0":
  version "5.0.0"
  resolved "https://registry.npmjs.org/@fastify/proxy-addr/-/proxy-addr-5.0.0.tgz"
  dependencies:
    "@fastify/forwarded" "^3.0.0"
    ipaddr.js "^2.1.0"

"@prisma/client@^6.11.1":
  version "6.11.1"
  resolved "https://registry.yarnpkg.com/@prisma/client/-/client-6.11.1.tgz#ef97454d8b0bb192b26ec4111def83ddee4615e3"

"@prisma/config@6.11.1":
  version "6.11.1"
  resolved "https://registry.yarnpkg.com/@prisma/config/-/config-6.11.1.tgz#c0a952d5d30b009fef390371fd359e7b4d55d956"
  dependencies:
    jiti "2.4.2"

"@prisma/debug@6.11.1":
  version "6.11.1"
  resolved "https://registry.yarnpkg.com/@prisma/debug/-/debug-6.11.1.tgz#88e912b8a265445d207cc0ce1823fe69cd689a05"

"@prisma/engines-version@6.11.1-1.f40f79ec31188888a2e33acda0ecc8fd10a853a9":
  version "6.11.1-1.f40f79ec31188888a2e33acda0ecc8fd10a853a9"
  resolved "https://registry.yarnpkg.com/@prisma/engines-version/-/engines-version-6.11.1-1.f40f79ec31188888a2e33acda0ecc8fd10a853a9.tgz#a242978dc1cb09024fc738a40962c70bb81b6b33"

"@prisma/engines@6.11.1":
  version "6.11.1"
  resolved "https://registry.yarnpkg.com/@prisma/engines/-/engines-6.11.1.tgz#6e8cdc2a90017ceeb8a6b7c3eb6ac397fe794726"
  dependencies:
    "@prisma/debug" "6.11.1"
    "@prisma/engines-version" "6.11.1-1.f40f79ec31188888a2e33acda0ecc8fd10a853a9"
    "@prisma/fetch-engine" "6.11.1"
    "@prisma/get-platform" "6.11.1"

"@prisma/fetch-engine@6.11.1":
  version "6.11.1"
  resolved "https://registry.yarnpkg.com/@prisma/fetch-engine/-/fetch-engine-6.11.1.tgz#796fa38a420f18bd5df6b06eaff77b0f44da80e9"
  dependencies:
    "@prisma/debug" "6.11.1"
    "@prisma/engines-version" "6.11.1-1.f40f79ec31188888a2e33acda0ecc8fd10a853a9"
    "@prisma/get-platform" "6.11.1"

"@prisma/get-platform@6.11.1":
  version "6.11.1"
  resolved "https://registry.yarnpkg.com/@prisma/get-platform/-/get-platform-6.11.1.tgz#5543da490916b05fdaf880933c6cf29d15b26961"
  dependencies:
    "@prisma/debug" "6.11.1"

"@types/node@^24.0.13":
  version "24.0.13"
  resolved "https://registry.npmjs.org/@types/node/-/node-24.0.13.tgz"
  dependencies:
    undici-types "~7.8.0"

abstract-logging@^2.0.1:
  version "2.0.1"
  resolved "https://registry.npmjs.org/abstract-logging/-/abstract-logging-2.0.1.tgz"

ajv-formats@^3.0.1:
  version "3.0.1"
  resolved "https://registry.npmjs.org/ajv-formats/-/ajv-formats-3.0.1.tgz"
  dependencies:
    ajv "^8.0.0"

ajv@^8.0.0, ajv@^8.12.0:
  version "8.17.1"
  resolved "https://registry.npmjs.org/ajv/-/ajv-8.17.1.tgz"
  dependencies:
    fast-deep-equal "^3.1.3"
    fast-uri "^3.0.1"
    json-schema-traverse "^1.0.0"
    require-from-string "^2.0.2"

atomic-sleep@^1.0.0:
  version "1.0.0"
  resolved "https://registry.npmjs.org/atomic-sleep/-/atomic-sleep-1.0.0.tgz"

avvio@^9.0.0:
  version "9.1.0"
  resolved "https://registry.npmjs.org/avvio/-/avvio-9.1.0.tgz"
  dependencies:
    "@fastify/error" "^4.0.0"
    fastq "^1.17.1"

cookie@^1.0.1:
  version "1.0.2"
  resolved "https://registry.npmjs.org/cookie/-/cookie-1.0.2.tgz"

dequal@^2.0.3:
  version "2.0.3"
  resolved "https://registry.npmjs.org/dequal/-/dequal-2.0.3.tgz"

dotenv@^17.2.0:
  version "17.2.0"
  resolved "https://registry.npmjs.org/dotenv/-/dotenv-17.2.0.tgz"

esbuild@~0.25.0:
  version "0.25.6"
  resolved "https://registry.npmjs.org/esbuild/-/esbuild-0.25.6.tgz"
  optionalDependencies:
    "@esbuild/aix-ppc64" "0.25.6"
    "@esbuild/android-arm" "0.25.6"
    "@esbuild/android-arm64" "0.25.6"
    "@esbuild/android-x64" "0.25.6"
    "@esbuild/darwin-arm64" "0.25.6"
    "@esbuild/darwin-x64" "0.25.6"
    "@esbuild/freebsd-arm64" "0.25.6"
    "@esbuild/freebsd-x64" "0.25.6"
    "@esbuild/linux-arm" "0.25.6"
    "@esbuild/linux-arm64" "0.25.6"
    "@esbuild/linux-ia32" "0.25.6"
    "@esbuild/linux-loong64" "0.25.6"
    "@esbuild/linux-mips64el" "0.25.6"
    "@esbuild/linux-ppc64" "0.25.6"
    "@esbuild/linux-riscv64" "0.25.6"
    "@esbuild/linux-s390x" "0.25.6"
    "@esbuild/linux-x64" "0.25.6"
    "@esbuild/netbsd-arm64" "0.25.6"
    "@esbuild/netbsd-x64" "0.25.6"
    "@esbuild/openbsd-arm64" "0.25.6"
    "@esbuild/openbsd-x64" "0.25.6"
    "@esbuild/openharmony-arm64" "0.25.6"
    "@esbuild/sunos-x64" "0.25.6"
    "@esbuild/win32-arm64" "0.25.6"
    "@esbuild/win32-ia32" "0.25.6"
    "@esbuild/win32-x64" "0.25.6"

fast-decode-uri-component@^1.0.1:
  version "1.0.1"
  resolved "https://registry.npmjs.org/fast-decode-uri-component/-/fast-decode-uri-component-1.0.1.tgz"

fast-deep-equal@^3.1.3:
  version "3.1.3"
  resolved "https://registry.npmjs.org/fast-deep-equal/-/fast-deep-equal-3.1.3.tgz"

fast-json-stringify@^6.0.0:
  version "6.0.1"
  resolved "https://registry.npmjs.org/fast-json-stringify/-/fast-json-stringify-6.0.1.tgz"
  dependencies:
    "@fastify/merge-json-schemas" "^0.2.0"
    ajv "^8.12.0"
    ajv-formats "^3.0.1"
    fast-uri "^3.0.0"
    json-schema-ref-resolver "^2.0.0"
    rfdc "^1.2.0"

fast-querystring@^1.0.0:
  version "1.1.2"
  resolved "https://registry.npmjs.org/fast-querystring/-/fast-querystring-1.1.2.tgz"
  dependencies:
    fast-decode-uri-component "^1.0.1"

fast-redact@^3.1.1:
  version "3.5.0"
  resolved "https://registry.npmjs.org/fast-redact/-/fast-redact-3.5.0.tgz"

fast-uri@^3.0.0, fast-uri@^3.0.1:
  version "3.0.6"
  resolved "https://registry.npmjs.org/fast-uri/-/fast-uri-3.0.6.tgz"

fastify@^5.4.0:
  version "5.4.0"
  resolved "https://registry.npmjs.org/fastify/-/fastify-5.4.0.tgz"
  dependencies:
    "@fastify/ajv-compiler" "^4.0.0"
    "@fastify/error" "^4.0.0"
    "@fastify/fast-json-stringify-compiler" "^5.0.0"
    "@fastify/proxy-addr" "^5.0.0"
    abstract-logging "^2.0.1"
    avvio "^9.0.0"
    fast-json-stringify "^6.0.0"
    find-my-way "^9.0.0"
    light-my-request "^6.0.0"
    pino "^9.0.0"
    process-warning "^5.0.0"
    rfdc "^1.3.1"
    secure-json-parse "^4.0.0"
    semver "^7.6.0"
    toad-cache "^3.7.0"

fastq@^1.17.1:
  version "1.19.1"
  resolved "https://registry.npmjs.org/fastq/-/fastq-1.19.1.tgz"
  dependencies:
    reusify "^1.0.4"

find-my-way@^9.0.0:
  version "9.3.0"
  resolved "https://registry.npmjs.org/find-my-way/-/find-my-way-9.3.0.tgz"
  dependencies:
    fast-deep-equal "^3.1.3"
    fast-querystring "^1.0.0"
    safe-regex2 "^5.0.0"

fsevents@~2.3.3:
  version "2.3.3"
  resolved "https://registry.yarnpkg.com/fsevents/-/fsevents-2.3.3.tgz#cac6407785d03675a2a5e1a5305c697b347d90d6"

get-tsconfig@^4.7.5:
  version "4.10.1"
  resolved "https://registry.npmjs.org/get-tsconfig/-/get-tsconfig-4.10.1.tgz"
  dependencies:
    resolve-pkg-maps "^1.0.0"

ipaddr.js@^2.1.0:
  version "2.2.0"
  resolved "https://registry.npmjs.org/ipaddr.js/-/ipaddr.js-2.2.0.tgz"

jiti@2.4.2:
  version "2.4.2"
  resolved "https://registry.yarnpkg.com/jiti/-/jiti-2.4.2.tgz#d19b7732ebb6116b06e2038da74a55366faef560"

json-schema-ref-resolver@^2.0.0:
  version "2.0.1"
  resolved "https://registry.npmjs.org/json-schema-ref-resolver/-/json-schema-ref-resolver-2.0.1.tgz"
  dependencies:
    dequal "^2.0.3"

json-schema-traverse@^1.0.0:
  version "1.0.0"
  resolved "https://registry.npmjs.org/json-schema-traverse/-/json-schema-traverse-1.0.0.tgz"

light-my-request@^6.0.0:
  version "6.6.0"
  resolved "https://registry.npmjs.org/light-my-request/-/light-my-request-6.6.0.tgz"
  dependencies:
    cookie "^1.0.1"
    process-warning "^4.0.0"
    set-cookie-parser "^2.6.0"

on-exit-leak-free@^2.1.0:
  version "2.1.2"
  resolved "https://registry.npmjs.org/on-exit-leak-free/-/on-exit-leak-free-2.1.2.tgz"

pino-abstract-transport@^2.0.0:
  version "2.0.0"
  resolved "https://registry.npmjs.org/pino-abstract-transport/-/pino-abstract-transport-2.0.0.tgz"
  dependencies:
    split2 "^4.0.0"

pino-std-serializers@^7.0.0:
  version "7.0.0"
  resolved "https://registry.npmjs.org/pino-std-serializers/-/pino-std-serializers-7.0.0.tgz"

pino@^9.0.0:
  version "9.7.0"
  resolved "https://registry.npmjs.org/pino/-/pino-9.7.0.tgz"
  dependencies:
    atomic-sleep "^1.0.0"
    fast-redact "^3.1.1"
    on-exit-leak-free "^2.1.0"
    pino-abstract-transport "^2.0.0"
    pino-std-serializers "^7.0.0"
    process-warning "^5.0.0"
    quick-format-unescaped "^4.0.3"
    real-require "^0.2.0"
    safe-stable-stringify "^2.3.1"
    sonic-boom "^4.0.1"
    thread-stream "^3.0.0"

prisma@^6.11.1:
  version "6.11.1"
  resolved "https://registry.yarnpkg.com/prisma/-/prisma-6.11.1.tgz#496fde4da3a9fc79ecc95f6a615c3a9025b37e17"
  dependencies:
    "@prisma/config" "6.11.1"
    "@prisma/engines" "6.11.1"

process-warning@^4.0.0:
  version "4.0.1"
  resolved "https://registry.npmjs.org/process-warning/-/process-warning-4.0.1.tgz"

process-warning@^5.0.0:
  version "5.0.0"
  resolved "https://registry.npmjs.org/process-warning/-/process-warning-5.0.0.tgz"

quick-format-unescaped@^4.0.3:
  version "4.0.4"
  resolved "https://registry.npmjs.org/quick-format-unescaped/-/quick-format-unescaped-4.0.4.tgz"

real-require@^0.2.0:
  version "0.2.0"
  resolved "https://registry.npmjs.org/real-require/-/real-require-0.2.0.tgz"

require-from-string@^2.0.2:
  version "2.0.2"
  resolved "https://registry.npmjs.org/require-from-string/-/require-from-string-2.0.2.tgz"

resolve-pkg-maps@^1.0.0:
  version "1.0.0"
  resolved "https://registry.npmjs.org/resolve-pkg-maps/-/resolve-pkg-maps-1.0.0.tgz"

ret@~0.5.0:
  version "0.5.0"
  resolved "https://registry.npmjs.org/ret/-/ret-0.5.0.tgz"

reusify@^1.0.4:
  version "1.1.0"
  resolved "https://registry.npmjs.org/reusify/-/reusify-1.1.0.tgz"

rfdc@^1.2.0, rfdc@^1.3.1:
  version "1.4.1"
  resolved "https://registry.npmjs.org/rfdc/-/rfdc-1.4.1.tgz"

safe-regex2@^5.0.0:
  version "5.0.0"
  resolved "https://registry.npmjs.org/safe-regex2/-/safe-regex2-5.0.0.tgz"
  dependencies:
    ret "~0.5.0"

safe-stable-stringify@^2.3.1:
  version "2.5.0"
  resolved "https://registry.npmjs.org/safe-stable-stringify/-/safe-stable-stringify-2.5.0.tgz"

secure-json-parse@^4.0.0:
  version "4.0.0"
  resolved "https://registry.npmjs.org/secure-json-parse/-/secure-json-parse-4.0.0.tgz"

semver@^7.6.0:
  version "7.7.2"
  resolved "https://registry.npmjs.org/semver/-/semver-7.7.2.tgz"

set-cookie-parser@^2.6.0:
  version "2.7.1"
  resolved "https://registry.npmjs.org/set-cookie-parser/-/set-cookie-parser-2.7.1.tgz"

sonic-boom@^4.0.1:
  version "4.2.0"
  resolved "https://registry.npmjs.org/sonic-boom/-/sonic-boom-4.2.0.tgz"
  dependencies:
    atomic-sleep "^1.0.0"

split2@^4.0.0:
  version "4.2.0"
  resolved "https://registry.npmjs.org/split2/-/split2-4.2.0.tgz"

thread-stream@^3.0.0:
  version "3.1.0"
  resolved "https://registry.npmjs.org/thread-stream/-/thread-stream-3.1.0.tgz"
  dependencies:
    real-require "^0.2.0"

toad-cache@^3.7.0:
  version "3.7.0"
  resolved "https://registry.npmjs.org/toad-cache/-/toad-cache-3.7.0.tgz"

tsx@^4.20.3:
  version "4.20.3"
  resolved "https://registry.npmjs.org/tsx/-/tsx-4.20.3.tgz"
  dependencies:
    esbuild "~0.25.0"
    get-tsconfig "^4.7.5"
  optionalDependencies:
    fsevents "~2.3.3"

typescript@^5.8.3:
  version "5.8.3"
  resolved "https://registry.npmjs.org/typescript/-/typescript-5.8.3.tgz"

undici-types@~7.8.0:
  version "7.8.0"
  resolved "https://registry.npmjs.org/undici-types/-/undici-types-7.8.0.tgz"
